
Microsoft Visual Studio Solution File, Format Version 12.00
# Visual Studio 15
VisualStudioVersion = 15.0.28307.539
MinimumVisualStudioVersion = 10.0.40219.1
Project("{FAE04EC0-301F-11D3-BF4B-00C04F79EFBC}") = "Fingerprint", "Fingerprint\Fingerprint.csproj", "{2DD0D836-B871-4A9D-B732-D1634E109488}"
EndProject
Project("{FAE04EC0-301F-11D3-BF4B-00C04F79EFBC}") = "NUnitTestProject1", "NUnitTestProject1\NUnitTestProject1.csproj", "{1E337DDE-1D9B-45F8-AF77-3900DF7FBE39}"
EndProject
Global
	GlobalSection(SolutionConfigurationPlatforms) = preSolution
		Debug|Any CPU = Debug|Any CPU
		Release|Any CPU = Release|Any CPU
	EndGlobalSection
	GlobalSection(ProjectConfigurationPlatforms) = postSolution
		{2DD0D836-B871-4A9D-B732-D1634E109488}.Debug|Any CPU.ActiveCfg = Debug|Any CPU
		{2DD0D836-B871-4A9D-B732-D1634E109488}.Debug|Any CPU.Build.0 = Debug|Any CPU
		{2DD0D836-B871-4A9D-B732-D1634E109488}.Release|Any CPU.ActiveCfg = Release|Any CPU
		{2DD0D836-B871-4A9D-B732-D1634E109488}.Release|Any CPU.Build.0 = Release|Any CPU
		{1E337DDE-1D9B-45F8-AF77-3900DF7FBE39}.Debug|Any CPU.ActiveCfg = Debug|Any CPU
		{1E337DDE-1D9B-45F8-AF77-3900DF7FBE39}.Debug|Any CPU.Build.0 = Debug|Any CPU
		{1E337DDE-1D9B-45F8-AF77-3900DF7FBE39}.Release|Any CPU.ActiveCfg = Release|Any CPU
		{1E337DDE-1D9B-45F8-AF77-3900DF7FBE39}.Release|Any CPU.Build.0 = Release|Any CPU
	EndGlobalSection
	GlobalSection(SolutionProperties) = preSolution
		HideSolutionNode = FALSE
	EndGlobalSection
	GlobalSection(ExtensibilityGlobals) = postSolution
		SolutionGuid = {8B403F1E-73F9-44F4-BCEE-AB58E802FDE8}
	EndGlobalSection
EndGlobal
